
Microsoft Visual Studio Solution File, Format Version 12.00
# Visual Studio Version 16
VisualStudioVersion = 16.0.31624.102
MinimumVisualStudioVersion = 10.0.40219.1
Project("{FAE04EC0-301F-11D3-BF4B-00C04F79EFBC}") = "registertime.Common", "registertime.Common\registertime.Common.csproj", "{32FEEE85-D0E9-4ADC-95AA-F2B27E682B7E}"
EndProject
Project("{FAE04EC0-301F-11D3-BF4B-00C04F79EFBC}") = "registertime.Function", "registertime.Function\registertime.Function.csproj", "{744D295E-D36F-4332-A6A2-B207AB7F8789}"
EndProject
Project("{FAE04EC0-301F-11D3-BF4B-00C04F79EFBC}") = "registertime.Test", "registertime.Test\registertime.Test.csproj", "{C47E3287-2D69-4BDA-8C62-53FBECD07A89}"
EndProject
Global
	GlobalSection(SolutionConfigurationPlatforms) = preSolution
		Debug|Any CPU = Debug|Any CPU
		Release|Any CPU = Release|Any CPU
	EndGlobalSection
	GlobalSection(ProjectConfigurationPlatforms) = postSolution
		{32FEEE85-D0E9-4ADC-95AA-F2B27E682B7E}.Debug|Any CPU.ActiveCfg = Debug|Any CPU
		{32FEEE85-D0E9-4ADC-95AA-F2B27E682B7E}.Debug|Any CPU.Build.0 = Debug|Any CPU
		{32FEEE85-D0E9-4ADC-95AA-F2B27E682B7E}.Release|Any CPU.ActiveCfg = Release|Any CPU
		{32FEEE85-D0E9-4ADC-95AA-F2B27E682B7E}.Release|Any CPU.Build.0 = Release|Any CPU
		{744D295E-D36F-4332-A6A2-B207AB7F8789}.Debug|Any CPU.ActiveCfg = Debug|Any CPU
		{744D295E-D36F-4332-A6A2-B207AB7F8789}.Debug|Any CPU.Build.0 = Debug|Any CPU
		{744D295E-D36F-4332-A6A2-B207AB7F8789}.Release|Any CPU.ActiveCfg = Release|Any CPU
		{744D295E-D36F-4332-A6A2-B207AB7F8789}.Release|Any CPU.Build.0 = Release|Any CPU
		{C47E3287-2D69-4BDA-8C62-53FBECD07A89}.Debug|Any CPU.ActiveCfg = Debug|Any CPU
		{C47E3287-2D69-4BDA-8C62-53FBECD07A89}.Debug|Any CPU.Build.0 = Debug|Any CPU
		{C47E3287-2D69-4BDA-8C62-53FBECD07A89}.Release|Any CPU.ActiveCfg = Release|Any CPU
		{C47E3287-2D69-4BDA-8C62-53FBECD07A89}.Release|Any CPU.Build.0 = Release|Any CPU
	EndGlobalSection
	GlobalSection(SolutionProperties) = preSolution
		HideSolutionNode = FALSE
	EndGlobalSection
	GlobalSection(ExtensibilityGlobals) = postSolution
		SolutionGuid = {79C98767-87B8-4392-983B-90BDA613D26A}
	EndGlobalSection
EndGlobal
